// !$*UTF8*$!
{
	archiveVersion = 1;
	classes = {
	};
	objectVersion = 50;
	objects = {

/* Begin PBXBuildFile section */
		D0973ED2231F626B001DD4B4 /* AboutController.swift in Sources */ = {isa = PBXBuildFile; fileRef = D0973ED1231F626A001DD4B4 /* AboutController.swift */; };
		D0973ED4231F62AF001DD4B4 /* AboutView.swift in Sources */ = {isa = PBXBuildFile; fileRef = D0973ED3231F62AF001DD4B4 /* AboutView.swift */; };
		D0ABE7522322ECDC001ADF70 /* NSAttributedString.swift in Sources */ = {isa = PBXBuildFile; fileRef = D0ABE7512322ECDC001ADF70 /* NSAttributedString.swift */; };
		D0ABE7542322F42A001ADF70 /* UITextFieldExtension.swift in Sources */ = {isa = PBXBuildFile; fileRef = D0ABE7532322F42A001ADF70 /* UITextFieldExtension.swift */; };
		D0B2733722BF274000C9926E /* TaskModel.swift in Sources */ = {isa = PBXBuildFile; fileRef = D0B2733622BF274000C9926E /* TaskModel.swift */; };
		D0B2733A22BF286E00C9926E /* TaskFunctions.swift in Sources */ = {isa = PBXBuildFile; fileRef = D0B2733922BF286E00C9926E /* TaskFunctions.swift */; };
		D0B2733C22BF295600C9926E /* Data.swift in Sources */ = {isa = PBXBuildFile; fileRef = D0B2733B22BF295600C9926E /* Data.swift */; };
		D0B2733F22BF400700C9926E /* Theme.swift in Sources */ = {isa = PBXBuildFile; fileRef = D0B2733E22BF400700C9926E /* Theme.swift */; };
		D0B2734322C1780D00C9926E /* TodoModel.swift in Sources */ = {isa = PBXBuildFile; fileRef = D0B2734222C1780D00C9926E /* TodoModel.swift */; };
		D0B2734722C179FB00C9926E /* MockData.swift in Sources */ = {isa = PBXBuildFile; fileRef = D0B2734622C179FB00C9926E /* MockData.swift */; };
		D0B2734C22C2957800C9926E /* TodoFunctions.swift in Sources */ = {isa = PBXBuildFile; fileRef = D0B2734B22C2957800C9926E /* TodoFunctions.swift */; };
		D0B2734E22C2BC2800C9926E /* DateExtension.swift in Sources */ = {isa = PBXBuildFile; fileRef = D0B2734D22C2BC2800C9926E /* DateExtension.swift */; };
		D0B2735022C475D300C9926E /* UIButtonExtension.swift in Sources */ = {isa = PBXBuildFile; fileRef = D0B2734F22C475D300C9926E /* UIButtonExtension.swift */; };
		D0DFD65D22AC5E8F009A6628 /* AppDelegate.swift in Sources */ = {isa = PBXBuildFile; fileRef = D0DFD65C22AC5E8F009A6628 /* AppDelegate.swift */; };
		D0DFD65F22AC5E8F009A6628 /* HomeController.swift in Sources */ = {isa = PBXBuildFile; fileRef = D0DFD65E22AC5E8F009A6628 /* HomeController.swift */; };
		D0DFD66422AC5E94009A6628 /* Assets.xcassets in Resources */ = {isa = PBXBuildFile; fileRef = D0DFD66322AC5E94009A6628 /* Assets.xcassets */; };
		D0DFD66722AC5E94009A6628 /* LaunchScreen.storyboard in Resources */ = {isa = PBXBuildFile; fileRef = D0DFD66522AC5E94009A6628 /* LaunchScreen.storyboard */; };
		D0DFD67122AD9DCC009A6628 /* HomeView.swift in Sources */ = {isa = PBXBuildFile; fileRef = D0DFD67022AD9DCC009A6628 /* HomeView.swift */; };
		D0DFD67F22AF8B6A009A6628 /* CustomLabel.swift in Sources */ = {isa = PBXBuildFile; fileRef = D0DFD67E22AF8B6A009A6628 /* CustomLabel.swift */; };
		D0DFD68822B18983009A6628 /* CustomTextField.swift in Sources */ = {isa = PBXBuildFile; fileRef = D0DFD68722B18983009A6628 /* CustomTextField.swift */; };
		D0DFD68A22B18A96009A6628 /* TaskView.swift in Sources */ = {isa = PBXBuildFile; fileRef = D0DFD68922B18A96009A6628 /* TaskView.swift */; };
		D0DFD69122B1A073009A6628 /* TaskCollectionCell.swift in Sources */ = {isa = PBXBuildFile; fileRef = D0DFD69022B1A073009A6628 /* TaskCollectionCell.swift */; };
		D0DFD69322B1A0C5009A6628 /* TaskTableViewCell.swift in Sources */ = {isa = PBXBuildFile; fileRef = D0DFD69222B1A0C5009A6628 /* TaskTableViewCell.swift */; };
		D0DFD69B22B1C2AD009A6628 /* TaskHeader.swift in Sources */ = {isa = PBXBuildFile; fileRef = D0DFD69A22B1C2AD009A6628 /* TaskHeader.swift */; };
		D0EC31342304DF20001716AB /* ThemeProtocol.swift in Sources */ = {isa = PBXBuildFile; fileRef = D0EC31332304DF20001716AB /* ThemeProtocol.swift */; };
		D0EC31362304DF5B001716AB /* Colors.swift in Sources */ = {isa = PBXBuildFile; fileRef = D0EC31352304DF5B001716AB /* Colors.swift */; };
		D0EC31382305000B001716AB /* TaskController.swift in Sources */ = {isa = PBXBuildFile; fileRef = D0EC31372305000B001716AB /* TaskController.swift */; };
		D0EC313C230500F4001716AB /* ThemesController.swift in Sources */ = {isa = PBXBuildFile; fileRef = D0EC313B230500F4001716AB /* ThemesController.swift */; };
		D0EC3140230501E7001716AB /* ThemesView.swift in Sources */ = {isa = PBXBuildFile; fileRef = D0EC313F230501E7001716AB /* ThemesView.swift */; };
		D0EC314423050367001716AB /* ColorsTableCell.swift in Sources */ = {isa = PBXBuildFile; fileRef = D0EC314323050367001716AB /* ColorsTableCell.swift */; };
/* End PBXBuildFile section */

/* Begin PBXFileReference section */
		D0973ED1231F626A001DD4B4 /* AboutController.swift */ = {isa = PBXFileReference; lastKnownFileType = sourcecode.swift; path = AboutController.swift; sourceTree = "<group>"; };
		D0973ED3231F62AF001DD4B4 /* AboutView.swift */ = {isa = PBXFileReference; lastKnownFileType = sourcecode.swift; path = AboutView.swift; sourceTree = "<group>"; };
		D0ABE7512322ECDC001ADF70 /* NSAttributedString.swift */ = {isa = PBXFileReference; lastKnownFileType = sourcecode.swift; path = NSAttributedString.swift; sourceTree = "<group>"; };
		D0ABE7532322F42A001ADF70 /* UITextFieldExtension.swift */ = {isa = PBXFileReference; lastKnownFileType = sourcecode.swift; path = UITextFieldExtension.swift; sourceTree = "<group>"; };
		D0B2733622BF274000C9926E /* TaskModel.swift */ = {isa = PBXFileReference; lastKnownFileType = sourcecode.swift; path = TaskModel.swift; sourceTree = "<group>"; };
		D0B2733922BF286E00C9926E /* TaskFunctions.swift */ = {isa = PBXFileReference; lastKnownFileType = sourcecode.swift; path = TaskFunctions.swift; sourceTree = "<group>"; };
		D0B2733B22BF295600C9926E /* Data.swift */ = {isa = PBXFileReference; lastKnownFileType = sourcecode.swift; path = Data.swift; sourceTree = "<group>"; };
		D0B2733E22BF400700C9926E /* Theme.swift */ = {isa = PBXFileReference; lastKnownFileType = sourcecode.swift; path = Theme.swift; sourceTree = "<group>"; };
		D0B2734222C1780D00C9926E /* TodoModel.swift */ = {isa = PBXFileReference; lastKnownFileType = sourcecode.swift; path = TodoModel.swift; sourceTree = "<group>"; };
		D0B2734622C179FB00C9926E /* MockData.swift */ = {isa = PBXFileReference; lastKnownFileType = sourcecode.swift; path = MockData.swift; sourceTree = "<group>"; };
		D0B2734B22C2957800C9926E /* TodoFunctions.swift */ = {isa = PBXFileReference; lastKnownFileType = sourcecode.swift; path = TodoFunctions.swift; sourceTree = "<group>"; };
		D0B2734D22C2BC2800C9926E /* DateExtension.swift */ = {isa = PBXFileReference; lastKnownFileType = sourcecode.swift; path = DateExtension.swift; sourceTree = "<group>"; };
		D0B2734F22C475D300C9926E /* UIButtonExtension.swift */ = {isa = PBXFileReference; lastKnownFileType = sourcecode.swift; path = UIButtonExtension.swift; sourceTree = "<group>"; };
		D0DFD65922AC5E8F009A6628 /* Tasks Today.app */ = {isa = PBXFileReference; explicitFileType = wrapper.application; includeInIndex = 0; path = "Tasks Today.app"; sourceTree = BUILT_PRODUCTS_DIR; };
		D0DFD65C22AC5E8F009A6628 /* AppDelegate.swift */ = {isa = PBXFileReference; lastKnownFileType = sourcecode.swift; path = AppDelegate.swift; sourceTree = "<group>"; };
		D0DFD65E22AC5E8F009A6628 /* HomeController.swift */ = {isa = PBXFileReference; lastKnownFileType = sourcecode.swift; path = HomeController.swift; sourceTree = "<group>"; };
		D0DFD66322AC5E94009A6628 /* Assets.xcassets */ = {isa = PBXFileReference; lastKnownFileType = folder.assetcatalog; path = Assets.xcassets; sourceTree = "<group>"; };
		D0DFD66622AC5E94009A6628 /* Base */ = {isa = PBXFileReference; lastKnownFileType = file.storyboard; name = Base; path = Base.lproj/LaunchScreen.storyboard; sourceTree = "<group>"; };
		D0DFD66822AC5E94009A6628 /* Info.plist */ = {isa = PBXFileReference; lastKnownFileType = text.plist.xml; path = Info.plist; sourceTree = "<group>"; };
		D0DFD67022AD9DCC009A6628 /* HomeView.swift */ = {isa = PBXFileReference; lastKnownFileType = sourcecode.swift; path = HomeView.swift; sourceTree = "<group>"; };
		D0DFD67E22AF8B6A009A6628 /* CustomLabel.swift */ = {isa = PBXFileReference; lastKnownFileType = sourcecode.swift; path = CustomLabel.swift; sourceTree = "<group>"; };
		D0DFD68722B18983009A6628 /* CustomTextField.swift */ = {isa = PBXFileReference; lastKnownFileType = sourcecode.swift; path = CustomTextField.swift; sourceTree = "<group>"; };
		D0DFD68922B18A96009A6628 /* TaskView.swift */ = {isa = PBXFileReference; lastKnownFileType = sourcecode.swift; path = TaskView.swift; sourceTree = "<group>"; };
		D0DFD69022B1A073009A6628 /* TaskCollectionCell.swift */ = {isa = PBXFileReference; lastKnownFileType = sourcecode.swift; path = TaskCollectionCell.swift; sourceTree = "<group>"; };
		D0DFD69222B1A0C5009A6628 /* TaskTableViewCell.swift */ = {isa = PBXFileReference; lastKnownFileType = sourcecode.swift; path = TaskTableViewCell.swift; sourceTree = "<group>"; };
		D0DFD69A22B1C2AD009A6628 /* TaskHeader.swift */ = {isa = PBXFileReference; lastKnownFileType = sourcecode.swift; path = TaskHeader.swift; sourceTree = "<group>"; };
		D0EC31332304DF20001716AB /* ThemeProtocol.swift */ = {isa = PBXFileReference; lastKnownFileType = sourcecode.swift; path = ThemeProtocol.swift; sourceTree = "<group>"; };
		D0EC31352304DF5B001716AB /* Colors.swift */ = {isa = PBXFileReference; lastKnownFileType = sourcecode.swift; path = Colors.swift; sourceTree = "<group>"; };
		D0EC31372305000B001716AB /* TaskController.swift */ = {isa = PBXFileReference; lastKnownFileType = sourcecode.swift; path = TaskController.swift; sourceTree = "<group>"; };
		D0EC313B230500F4001716AB /* ThemesController.swift */ = {isa = PBXFileReference; lastKnownFileType = sourcecode.swift; path = ThemesController.swift; sourceTree = "<group>"; };
		D0EC313F230501E7001716AB /* ThemesView.swift */ = {isa = PBXFileReference; fileEncoding = 4; lastKnownFileType = sourcecode.swift; path = ThemesView.swift; sourceTree = "<group>"; };
		D0EC314323050367001716AB /* ColorsTableCell.swift */ = {isa = PBXFileReference; fileEncoding = 4; lastKnownFileType = sourcecode.swift; path = ColorsTableCell.swift; sourceTree = "<group>"; };
/* End PBXFileReference section */

/* Begin PBXFrameworksBuildPhase section */
		D0DFD65622AC5E8F009A6628 /* Frameworks */ = {
			isa = PBXFrameworksBuildPhase;
			buildActionMask = 2147483647;
			files = (
			);
			runOnlyForDeploymentPostprocessing = 0;
		};
/* End PBXFrameworksBuildPhase section */

/* Begin PBXGroup section */
		D0B2733822BF285400C9926E /* Task */ = {
			isa = PBXGroup;
			children = (
				D0B2733622BF274000C9926E /* TaskModel.swift */,
				D0B2733922BF286E00C9926E /* TaskFunctions.swift */,
			);
			name = Task;
			sourceTree = "<group>";
		};
		D0B2733D22BF3FE800C9926E /*  Resources */ = {
			isa = PBXGroup;
			children = (
			);
			name = " Resources";
			sourceTree = "<group>";
		};
		D0B2734522C1785900C9926E /* Todo */ = {
			isa = PBXGroup;
			children = (
				D0B2734222C1780D00C9926E /* TodoModel.swift */,
				D0B2734B22C2957800C9926E /* TodoFunctions.swift */,
			);
			name = Todo;
			sourceTree = "<group>";
		};
		D0B2734822C1CAB100C9926E /* Extensions */ = {
			isa = PBXGroup;
			children = (
				D0B2734D22C2BC2800C9926E /* DateExtension.swift */,
				D0B2734F22C475D300C9926E /* UIButtonExtension.swift */,
				D0ABE7512322ECDC001ADF70 /* NSAttributedString.swift */,
				D0ABE7532322F42A001ADF70 /* UITextFieldExtension.swift */,
			);
			name = Extensions;
			sourceTree = "<group>";
		};
		D0DFD65022AC5E8F009A6628 = {
			isa = PBXGroup;
			children = (
				D0DFD65B22AC5E8F009A6628 /* Tasks Today */,
				D0DFD65A22AC5E8F009A6628 /* Products */,
			);
			sourceTree = "<group>";
		};
		D0DFD65A22AC5E8F009A6628 /* Products */ = {
			isa = PBXGroup;
			children = (
				D0DFD65922AC5E8F009A6628 /* Tasks Today.app */,
			);
			name = Products;
			sourceTree = "<group>";
		};
		D0DFD65B22AC5E8F009A6628 /* Tasks Today */ = {
			isa = PBXGroup;
			children = (
				D0EC31322304DEE9001716AB /* Theme */,
				D0B2734822C1CAB100C9926E /* Extensions */,
				D0DFD67D22AED5DD009A6628 /* Controller */,
				D0DFD67C22AED5D4009A6628 /* View */,
				D0DFD67B22AED5C5009A6628 /* Model */,
				D0B2733D22BF3FE800C9926E /*  Resources */,
				D0DFD67222AD9DD8009A6628 /* Supporting Files */,
				D0DFD66822AC5E94009A6628 /* Info.plist */,
			);
			path = "Tasks Today";
			sourceTree = "<group>";
		};
		D0DFD67222AD9DD8009A6628 /* Supporting Files */ = {
			isa = PBXGroup;
			children = (
				D0DFD65C22AC5E8F009A6628 /* AppDelegate.swift */,
				D0DFD66522AC5E94009A6628 /* LaunchScreen.storyboard */,
				D0DFD66322AC5E94009A6628 /* Assets.xcassets */,
			);
			name = "Supporting Files";
			sourceTree = "<group>";
		};
		D0DFD67B22AED5C5009A6628 /* Model */ = {
			isa = PBXGroup;
			children = (
				D0B2733B22BF295600C9926E /* Data.swift */,
				D0B2734622C179FB00C9926E /* MockData.swift */,
				D0B2733822BF285400C9926E /* Task */,
				D0B2734522C1785900C9926E /* Todo */,
			);
			path = Model;
			sourceTree = "<group>";
		};
		D0DFD67C22AED5D4009A6628 /* View */ = {
			isa = PBXGroup;
			children = (
				D0DFD67022AD9DCC009A6628 /* HomeView.swift */,
				D0DFD68922B18A96009A6628 /* TaskView.swift */,
				D0DFD69022B1A073009A6628 /* TaskCollectionCell.swift */,
				D0DFD69222B1A0C5009A6628 /* TaskTableViewCell.swift */,
				D0DFD69A22B1C2AD009A6628 /* TaskHeader.swift */,
				D0DFD67E22AF8B6A009A6628 /* CustomLabel.swift */,
				D0DFD68722B18983009A6628 /* CustomTextField.swift */,
				D0EC313F230501E7001716AB /* ThemesView.swift */,
				D0EC314323050367001716AB /* ColorsTableCell.swift */,
				D0973ED3231F62AF001DD4B4 /* AboutView.swift */,
			);
			name = View;
			sourceTree = "<group>";
		};
		D0DFD67D22AED5DD009A6628 /* Controller */ = {
			isa = PBXGroup;
			children = (
				D0DFD65E22AC5E8F009A6628 /* HomeController.swift */,
				D0EC31372305000B001716AB /* TaskController.swift */,
				D0EC313B230500F4001716AB /* ThemesController.swift */,
				D0973ED1231F626A001DD4B4 /* AboutController.swift */,
			);
			path = Controller;
			sourceTree = "<group>";
		};
		D0EC31322304DEE9001716AB /* Theme */ = {
			isa = PBXGroup;
			children = (
				D0B2733E22BF400700C9926E /* Theme.swift */,
				D0EC31332304DF20001716AB /* ThemeProtocol.swift */,
				D0EC31352304DF5B001716AB /* Colors.swift */,
			);
			path = Theme;
			sourceTree = "<group>";
		};
/* End PBXGroup section */

/* Begin PBXNativeTarget section */
		D0DFD65822AC5E8F009A6628 /* Tasks Today */ = {
			isa = PBXNativeTarget;
			buildConfigurationList = D0DFD66B22AC5E94009A6628 /* Build configuration list for PBXNativeTarget "Tasks Today" */;
			buildPhases = (
				D0DFD65522AC5E8F009A6628 /* Sources */,
				D0DFD65622AC5E8F009A6628 /* Frameworks */,
				D0DFD65722AC5E8F009A6628 /* Resources */,
			);
			buildRules = (
			);
			dependencies = (
			);
			name = "Tasks Today";
			productName = "Tasks Today";
			productReference = D0DFD65922AC5E8F009A6628 /* Tasks Today.app */;
			productType = "com.apple.product-type.application";
		};
/* End PBXNativeTarget section */

/* Begin PBXProject section */
		D0DFD65122AC5E8F009A6628 /* Project object */ = {
			isa = PBXProject;
			attributes = {
				LastSwiftUpdateCheck = 1020;
				LastUpgradeCheck = 1020;
				ORGANIZATIONNAME = "Alexis Orellano";
				TargetAttributes = {
					D0DFD65822AC5E8F009A6628 = {
						CreatedOnToolsVersion = 10.2.1;
					};
				};
			};
			buildConfigurationList = D0DFD65422AC5E8F009A6628 /* Build configuration list for PBXProject "Tasks Today" */;
			compatibilityVersion = "Xcode 9.3";
			developmentRegion = en;
			hasScannedForEncodings = 0;
			knownRegions = (
				en,
				Base,
			);
			mainGroup = D0DFD65022AC5E8F009A6628;
			productRefGroup = D0DFD65A22AC5E8F009A6628 /* Products */;
			projectDirPath = "";
			projectRoot = "";
			targets = (
				D0DFD65822AC5E8F009A6628 /* Tasks Today */,
			);
		};
/* End PBXProject section */

/* Begin PBXResourcesBuildPhase section */
		D0DFD65722AC5E8F009A6628 /* Resources */ = {
			isa = PBXResourcesBuildPhase;
			buildActionMask = 2147483647;
			files = (
				D0DFD66722AC5E94009A6628 /* LaunchScreen.storyboard in Resources */,
				D0DFD66422AC5E94009A6628 /* Assets.xcassets in Resources */,
			);
			runOnlyForDeploymentPostprocessing = 0;
		};
/* End PBXResourcesBuildPhase section */

/* Begin PBXSourcesBuildPhase section */
		D0DFD65522AC5E8F009A6628 /* Sources */ = {
			isa = PBXSourcesBuildPhase;
			buildActionMask = 2147483647;
			files = (
				D0973ED4231F62AF001DD4B4 /* AboutView.swift in Sources */,
				D0DFD65F22AC5E8F009A6628 /* HomeController.swift in Sources */,
				D0EC31362304DF5B001716AB /* Colors.swift in Sources */,
				D0EC314423050367001716AB /* ColorsTableCell.swift in Sources */,
				D0B2735022C475D300C9926E /* UIButtonExtension.swift in Sources */,
				D0EC31342304DF20001716AB /* ThemeProtocol.swift in Sources */,
				D0EC31382305000B001716AB /* TaskController.swift in Sources */,
				D0ABE7542322F42A001ADF70 /* UITextFieldExtension.swift in Sources */,
				D0ABE7522322ECDC001ADF70 /* NSAttributedString.swift in Sources */,
				D0DFD69B22B1C2AD009A6628 /* TaskHeader.swift in Sources */,
				D0DFD67F22AF8B6A009A6628 /* CustomLabel.swift in Sources */,
				D0DFD69122B1A073009A6628 /* TaskCollectionCell.swift in Sources */,
				D0B2734E22C2BC2800C9926E /* DateExtension.swift in Sources */,
				D0EC3140230501E7001716AB /* ThemesView.swift in Sources */,
				D0DFD69322B1A0C5009A6628 /* TaskTableViewCell.swift in Sources */,
				D0DFD68822B18983009A6628 /* CustomTextField.swift in Sources */,
				D0B2734722C179FB00C9926E /* MockData.swift in Sources */,
				D0B2734322C1780D00C9926E /* TodoModel.swift in Sources */,
				D0B2733F22BF400700C9926E /* Theme.swift in Sources */,
				D0DFD65D22AC5E8F009A6628 /* AppDelegate.swift in Sources */,
				D0B2733A22BF286E00C9926E /* TaskFunctions.swift in Sources */,
				D0B2734C22C2957800C9926E /* TodoFunctions.swift in Sources */,
				D0DFD67122AD9DCC009A6628 /* HomeView.swift in Sources */,
				D0EC313C230500F4001716AB /* ThemesController.swift in Sources */,
				D0B2733C22BF295600C9926E /* Data.swift in Sources */,
				D0973ED2231F626B001DD4B4 /* AboutController.swift in Sources */,
				D0B2733722BF274000C9926E /* TaskModel.swift in Sources */,
				D0DFD68A22B18A96009A6628 /* TaskView.swift in Sources */,
			);
			runOnlyForDeploymentPostprocessing = 0;
		};
/* End PBXSourcesBuildPhase section */

/* Begin PBXVariantGroup section */
		D0DFD66522AC5E94009A6628 /* LaunchScreen.storyboard */ = {
			isa = PBXVariantGroup;
			children = (
				D0DFD66622AC5E94009A6628 /* Base */,
			);
			name = LaunchScreen.storyboard;
			sourceTree = "<group>";
		};
/* End PBXVariantGroup section */

/* Begin XCBuildConfiguration section */
		D0DFD66922AC5E94009A6628 /* Debug */ = {
			isa = XCBuildConfiguration;
			buildSettings = {
				ALWAYS_SEARCH_USER_PATHS = NO;
				CLANG_ANALYZER_NONNULL = YES;
				CLANG_ANALYZER_NUMBER_OBJECT_CONVERSION = YES_AGGRESSIVE;
				CLANG_CXX_LANGUAGE_STANDARD = "gnu++14";
				CLANG_CXX_LIBRARY = "libc++";
				CLANG_ENABLE_MODULES = YES;
				CLANG_ENABLE_OBJC_ARC = YES;
				CLANG_ENABLE_OBJC_WEAK = YES;
				CLANG_WARN_BLOCK_CAPTURE_AUTORELEASING = YES;
				CLANG_WARN_BOOL_CONVERSION = YES;
				CLANG_WARN_COMMA = YES;
				CLANG_WARN_CONSTANT_CONVERSION = YES;
				CLANG_WARN_DEPRECATED_OBJC_IMPLEMENTATIONS = YES;
				CLANG_WARN_DIRECT_OBJC_ISA_USAGE = YES_ERROR;
				CLANG_WARN_DOCUMENTATION_COMMENTS = YES;
				CLANG_WARN_EMPTY_BODY = YES;
				CLANG_WARN_ENUM_CONVERSION = YES;
				CLANG_WARN_INFINITE_RECURSION = YES;
				CLANG_WARN_INT_CONVERSION = YES;
				CLANG_WARN_NON_LITERAL_NULL_CONVERSION = YES;
				CLANG_WARN_OBJC_IMPLICIT_RETAIN_SELF = YES;
				CLANG_WARN_OBJC_LITERAL_CONVERSION = YES;
				CLANG_WARN_OBJC_ROOT_CLASS = YES_ERROR;
				CLANG_WARN_RANGE_LOOP_ANALYSIS = YES;
				CLANG_WARN_STRICT_PROTOTYPES = YES;
				CLANG_WARN_SUSPICIOUS_MOVE = YES;
				CLANG_WARN_UNGUARDED_AVAILABILITY = YES_AGGRESSIVE;
				CLANG_WARN_UNREACHABLE_CODE = YES;
				CLANG_WARN__DUPLICATE_METHOD_MATCH = YES;
				CODE_SIGN_IDENTITY = "iPhone Developer";
				COPY_PHASE_STRIP = NO;
				DEBUG_INFORMATION_FORMAT = dwarf;
				ENABLE_STRICT_OBJC_MSGSEND = YES;
				ENABLE_TESTABILITY = YES;
				GCC_C_LANGUAGE_STANDARD = gnu11;
				GCC_DYNAMIC_NO_PIC = NO;
				GCC_NO_COMMON_BLOCKS = YES;
				GCC_OPTIMIZATION_LEVEL = 0;
				GCC_PREPROCESSOR_DEFINITIONS = (
					"DEBUG=1",
					"$(inherited)",
				);
				GCC_WARN_64_TO_32_BIT_CONVERSION = YES;
				GCC_WARN_ABOUT_RETURN_TYPE = YES_ERROR;
				GCC_WARN_UNDECLARED_SELECTOR = YES;
				GCC_WARN_UNINITIALIZED_AUTOS = YES_AGGRESSIVE;
				GCC_WARN_UNUSED_FUNCTION = YES;
				GCC_WARN_UNUSED_VARIABLE = YES;
				IPHONEOS_DEPLOYMENT_TARGET = 12.2;
				MTL_ENABLE_DEBUG_INFO = INCLUDE_SOURCE;
				MTL_FAST_MATH = YES;
				ONLY_ACTIVE_ARCH = YES;
				SDKROOT = iphoneos;
				SWIFT_ACTIVE_COMPILATION_CONDITIONS = DEBUG;
				SWIFT_OPTIMIZATION_LEVEL = "-Onone";
			};
			name = Debug;
		};
		D0DFD66A22AC5E94009A6628 /* Release */ = {
			isa = XCBuildConfiguration;
			buildSettings = {
				ALWAYS_SEARCH_USER_PATHS = NO;
				CLANG_ANALYZER_NONNULL = YES;
				CLANG_ANALYZER_NUMBER_OBJECT_CONVERSION = YES_AGGRESSIVE;
				CLANG_CXX_LANGUAGE_STANDARD = "gnu++14";
				CLANG_CXX_LIBRARY = "libc++";
				CLANG_ENABLE_MODULES = YES;
				CLANG_ENABLE_OBJC_ARC = YES;
				CLANG_ENABLE_OBJC_WEAK = YES;
				CLANG_WARN_BLOCK_CAPTURE_AUTORELEASING = YES;
				CLANG_WARN_BOOL_CONVERSION = YES;
				CLANG_WARN_COMMA = YES;
				CLANG_WARN_CONSTANT_CONVERSION = YES;
				CLANG_WARN_DEPRECATED_OBJC_IMPLEMENTATIONS = YES;
				CLANG_WARN_DIRECT_OBJC_ISA_USAGE = YES_ERROR;
				CLANG_WARN_DOCUMENTATION_COMMENTS = YES;
				CLANG_WARN_EMPTY_BODY = YES;
				CLANG_WARN_ENUM_CONVERSION = YES;
				CLANG_WARN_INFINITE_RECURSION = YES;
				CLANG_WARN_INT_CONVERSION = YES;
				CLANG_WARN_NON_LITERAL_NULL_CONVERSION = YES;
				CLANG_WARN_OBJC_IMPLICIT_RETAIN_SELF = YES;
				CLANG_WARN_OBJC_LITERAL_CONVERSION = YES;
				CLANG_WARN_OBJC_ROOT_CLASS = YES_ERROR;
				CLANG_WARN_RANGE_LOOP_ANALYSIS = YES;
				CLANG_WARN_STRICT_PROTOTYPES = YES;
				CLANG_WARN_SUSPICIOUS_MOVE = YES;
				CLANG_WARN_UNGUARDED_AVAILABILITY = YES_AGGRESSIVE;
				CLANG_WARN_UNREACHABLE_CODE = YES;
				CLANG_WARN__DUPLICATE_METHOD_MATCH = YES;
				CODE_SIGN_IDENTITY = "iPhone Developer";
				COPY_PHASE_STRIP = NO;
				DEBUG_INFORMATION_FORMAT = "dwarf-with-dsym";
				ENABLE_NS_ASSERTIONS = NO;
				ENABLE_STRICT_OBJC_MSGSEND = YES;
				GCC_C_LANGUAGE_STANDARD = gnu11;
				GCC_NO_COMMON_BLOCKS = YES;
				GCC_WARN_64_TO_32_BIT_CONVERSION = YES;
				GCC_WARN_ABOUT_RETURN_TYPE = YES_ERROR;
				GCC_WARN_UNDECLARED_SELECTOR = YES;
				GCC_WARN_UNINITIALIZED_AUTOS = YES_AGGRESSIVE;
				GCC_WARN_UNUSED_FUNCTION = YES;
				GCC_WARN_UNUSED_VARIABLE = YES;
				IPHONEOS_DEPLOYMENT_TARGET = 12.2;
				MTL_ENABLE_DEBUG_INFO = NO;
				MTL_FAST_MATH = YES;
				SDKROOT = iphoneos;
				SWIFT_COMPILATION_MODE = wholemodule;
				SWIFT_OPTIMIZATION_LEVEL = "-O";
				VALIDATE_PRODUCT = YES;
			};
			name = Release;
		};
		D0DFD66C22AC5E94009A6628 /* Debug */ = {
			isa = XCBuildConfiguration;
			buildSettings = {
				ASSETCATALOG_COMPILER_APPICON_NAME = AppIcon;
				CODE_SIGN_STYLE = Automatic;
				DEVELOPMENT_TEAM = S7297N2DPU;
				INFOPLIST_FILE = "Tasks Today/Info.plist";
				LD_RUNPATH_SEARCH_PATHS = (
					"$(inherited)",
					"@executable_path/Frameworks",
				);
				PRODUCT_BUNDLE_IDENTIFIER = "Alexis.Tasks-Today";
				PRODUCT_NAME = "$(TARGET_NAME)";
				SWIFT_VERSION = 5.0;
				TARGETED_DEVICE_FAMILY = "1,2";
			};
			name = Debug;
		};
		D0DFD66D22AC5E94009A6628 /* Release */ = {
			isa = XCBuildConfiguration;
			buildSettings = {
				ASSETCATALOG_COMPILER_APPICON_NAME = AppIcon;
				CODE_SIGN_STYLE = Automatic;
				DEVELOPMENT_TEAM = S7297N2DPU;
				INFOPLIST_FILE = "Tasks Today/Info.plist";
				LD_RUNPATH_SEARCH_PATHS = (
					"$(inherited)",
					"@executable_path/Frameworks",
				);
				PRODUCT_BUNDLE_IDENTIFIER = "Alexis.Tasks-Today";
				PRODUCT_NAME = "$(TARGET_NAME)";
				SWIFT_VERSION = 5.0;
				TARGETED_DEVICE_FAMILY = "1,2";
			};
			name = Release;
		};
/* End XCBuildConfiguration section */

/* Begin XCConfigurationList section */
		D0DFD65422AC5E8F009A6628 /* Build configuration list for PBXProject "Tasks Today" */ = {
			isa = XCConfigurationList;
			buildConfigurations = (
				D0DFD66922AC5E94009A6628 /* Debug */,
				D0DFD66A22AC5E94009A6628 /* Release */,
			);
			defaultConfigurationIsVisible = 0;
			defaultConfigurationName = Release;
		};
		D0DFD66B22AC5E94009A6628 /* Build configuration list for PBXNativeTarget "Tasks Today" */ = {
			isa = XCConfigurationList;
			buildConfigurations = (
				D0DFD66C22AC5E94009A6628 /* Debug */,
				D0DFD66D22AC5E94009A6628 /* Release */,
			);
			defaultConfigurationIsVisible = 0;
			defaultConfigurationName = Release;
		};
/* End XCConfigurationList section */
	};
	rootObject = D0DFD65122AC5E8F009A6628 /* Project object */;
}
